
Microsoft Visual Studio Solution File, Format Version 12.00
# Visual Studio 14
VisualStudioVersion = 14.0.25420.1
MinimumVisualStudioVersion = 10.0.40219.1
Project("{8BC9CEB8-8B4A-11D0-8D11-00A0C91BC942}") = "demo", "demo\demo.vcxproj", "{D67DC3A7-58F2-4CCD-8C18-A016AE426F1F}"
	ProjectSection(ProjectDependencies) = postProject
		{814B8B07-63ED-4EDE-A3D6-D65F65216C45} = {814B8B07-63ED-4EDE-A3D6-D65F65216C45}
	EndProjectSection
EndProject
Project("{8BC9CEB8-8B4A-11D0-8D11-00A0C91BC942}") = "nlsCppSdk", "nlsCppSdk\nlsCppSdk.vcxproj", "{814B8B07-63ED-4EDE-A3D6-D65F65216C45}"
	ProjectSection(ProjectDependencies) = postProject
		{BB232DFE-8001-4B20-8698-2DB4855D7AAA} = {BB232DFE-8001-4B20-8698-2DB4855D7AAA}
	EndProjectSection
EndProject
Project("{8BC9CEB8-8B4A-11D0-8D11-00A0C91BC942}") = "nlsCppOpu", "nlsCppSdk\nlsOpu\nlsCppOpu\nlsCppOpu.vcxproj", "{BB232DFE-8001-4B20-8698-2DB4855D7AAA}"
EndProject
Project("{8BC9CEB8-8B4A-11D0-8D11-00A0C91BC942}") = "nlsJniOpu", "nlsCppSdk\nlsOpu\nlsJniOpu\nlsJniOpu\nlsJniOpu.vcxproj", "{6026AFFB-2693-45C4-B92A-57BC2AE5ADA5}"
EndProject
Global
	GlobalSection(SolutionConfigurationPlatforms) = preSolution
		Debug|Win32 = Debug|Win32
		Debug|x64 = Debug|x64
		Release|Win32 = Release|Win32
		Release|x64 = Release|x64
		x64|Win32 = x64|Win32
		x64|x64 = x64|x64
	EndGlobalSection
	GlobalSection(ProjectConfigurationPlatforms) = postSolution
		{D67DC3A7-58F2-4CCD-8C18-A016AE426F1F}.Debug|Win32.ActiveCfg = Debug|Win32
		{D67DC3A7-58F2-4CCD-8C18-A016AE426F1F}.Debug|Win32.Build.0 = Debug|Win32
		{D67DC3A7-58F2-4CCD-8C18-A016AE426F1F}.Debug|x64.ActiveCfg = Debug|x64
		{D67DC3A7-58F2-4CCD-8C18-A016AE426F1F}.Debug|x64.Build.0 = Debug|x64
		{D67DC3A7-58F2-4CCD-8C18-A016AE426F1F}.Release|Win32.ActiveCfg = Release|Win32
		{D67DC3A7-58F2-4CCD-8C18-A016AE426F1F}.Release|Win32.Build.0 = Release|Win32
		{D67DC3A7-58F2-4CCD-8C18-A016AE426F1F}.Release|x64.ActiveCfg = Release|x64
		{D67DC3A7-58F2-4CCD-8C18-A016AE426F1F}.Release|x64.Build.0 = Release|x64
		{D67DC3A7-58F2-4CCD-8C18-A016AE426F1F}.x64|Win32.ActiveCfg = Release|Win32
		{D67DC3A7-58F2-4CCD-8C18-A016AE426F1F}.x64|Win32.Build.0 = Release|Win32
		{D67DC3A7-58F2-4CCD-8C18-A016AE426F1F}.x64|x64.ActiveCfg = Release|x64
		{D67DC3A7-58F2-4CCD-8C18-A016AE426F1F}.x64|x64.Build.0 = Release|x64
		{814B8B07-63ED-4EDE-A3D6-D65F65216C45}.Debug|Win32.ActiveCfg = Debug|Win32
		{814B8B07-63ED-4EDE-A3D6-D65F65216C45}.Debug|Win32.Build.0 = Debug|Win32
		{814B8B07-63ED-4EDE-A3D6-D65F65216C45}.Debug|x64.ActiveCfg = Debug|x64
		{814B8B07-63ED-4EDE-A3D6-D65F65216C45}.Debug|x64.Build.0 = Debug|x64
		{814B8B07-63ED-4EDE-A3D6-D65F65216C45}.Release|Win32.ActiveCfg = Release|Win32
		{814B8B07-63ED-4EDE-A3D6-D65F65216C45}.Release|Win32.Build.0 = Release|Win32
		{814B8B07-63ED-4EDE-A3D6-D65F65216C45}.Release|x64.ActiveCfg = Release|x64
		{814B8B07-63ED-4EDE-A3D6-D65F65216C45}.Release|x64.Build.0 = Release|x64
		{814B8B07-63ED-4EDE-A3D6-D65F65216C45}.x64|Win32.ActiveCfg = x64|Win32
		{814B8B07-63ED-4EDE-A3D6-D65F65216C45}.x64|Win32.Build.0 = x64|Win32
		{814B8B07-63ED-4EDE-A3D6-D65F65216C45}.x64|x64.ActiveCfg = x64|x64
		{814B8B07-63ED-4EDE-A3D6-D65F65216C45}.x64|x64.Build.0 = x64|x64
		{BB232DFE-8001-4B20-8698-2DB4855D7AAA}.Debug|Win32.ActiveCfg = Debug|Win32
		{BB232DFE-8001-4B20-8698-2DB4855D7AAA}.Debug|Win32.Build.0 = Debug|Win32
		{BB232DFE-8001-4B20-8698-2DB4855D7AAA}.Debug|x64.ActiveCfg = Debug|x64
		{BB232DFE-8001-4B20-8698-2DB4855D7AAA}.Debug|x64.Build.0 = Debug|x64
		{BB232DFE-8001-4B20-8698-2DB4855D7AAA}.Release|Win32.ActiveCfg = Release|Win32
		{BB232DFE-8001-4B20-8698-2DB4855D7AAA}.Release|Win32.Build.0 = Release|Win32
		{BB232DFE-8001-4B20-8698-2DB4855D7AAA}.Release|x64.ActiveCfg = Release|x64
		{BB232DFE-8001-4B20-8698-2DB4855D7AAA}.Release|x64.Build.0 = Release|x64
		{BB232DFE-8001-4B20-8698-2DB4855D7AAA}.x64|Win32.ActiveCfg = Release|Win32
		{BB232DFE-8001-4B20-8698-2DB4855D7AAA}.x64|Win32.Build.0 = Release|Win32
		{BB232DFE-8001-4B20-8698-2DB4855D7AAA}.x64|x64.ActiveCfg = Release|x64
		{BB232DFE-8001-4B20-8698-2DB4855D7AAA}.x64|x64.Build.0 = Release|x64
		{6026AFFB-2693-45C4-B92A-57BC2AE5ADA5}.Debug|Win32.ActiveCfg = Debug|Win32
		{6026AFFB-2693-45C4-B92A-57BC2AE5ADA5}.Debug|Win32.Build.0 = Debug|Win32
		{6026AFFB-2693-45C4-B92A-57BC2AE5ADA5}.Debug|x64.ActiveCfg = Debug|x64
		{6026AFFB-2693-45C4-B92A-57BC2AE5ADA5}.Debug|x64.Build.0 = Debug|x64
		{6026AFFB-2693-45C4-B92A-57BC2AE5ADA5}.Release|Win32.ActiveCfg = Release|Win32
		{6026AFFB-2693-45C4-B92A-57BC2AE5ADA5}.Release|Win32.Build.0 = Release|Win32
		{6026AFFB-2693-45C4-B92A-57BC2AE5ADA5}.Release|x64.ActiveCfg = Release|x64
		{6026AFFB-2693-45C4-B92A-57BC2AE5ADA5}.Release|x64.Build.0 = Release|x64
		{6026AFFB-2693-45C4-B92A-57BC2AE5ADA5}.x64|Win32.ActiveCfg = Release|Win32
		{6026AFFB-2693-45C4-B92A-57BC2AE5ADA5}.x64|Win32.Build.0 = Release|Win32
		{6026AFFB-2693-45C4-B92A-57BC2AE5ADA5}.x64|x64.ActiveCfg = Release|x64
		{6026AFFB-2693-45C4-B92A-57BC2AE5ADA5}.x64|x64.Build.0 = Release|x64
	EndGlobalSection
	GlobalSection(SolutionProperties) = preSolution
		HideSolutionNode = FALSE
	EndGlobalSection
EndGlobal
