<?xml version="1.0" encoding="utf-8"?>
<Project ToolsVersion="4.0" xmlns="http://schemas.microsoft.com/developer/msbuild/2003">
  <ItemGroup>
    <Text Include="ReadMe.txt" />
  </ItemGroup>
  <ItemGroup>
    <Filter Include="nlsOpu">
      <UniqueIdentifier>{d2ca17a7-af00-47b2-bb80-db740d74a367}</UniqueIdentifier>
    </Filter>
  </ItemGroup>
  <ItemGroup>
    <ClInclude Include="..\nlsOpuCoder.h">
      <Filter>nlsOpu</Filter>
    </ClInclude>
  </ItemGroup>
  <ItemGroup>
    <ClCompile Include="..\nlsOpuCoder.c">
      <Filter>nlsOpu</Filter>
    </ClCompile>
  </ItemGroup>
</Project>